github.com/gethugothemes/hugo-modules/components/cookie-consent v0.0.0-20240331035203-6c6ca12add7d h1:TsNG4Hrcw5z04m54bRPIU45dDxGBsyM1A19Xuxn+KaQ=
github.com/gethugothemes/hugo-modules/components/cookie-consent v0.0.0-20240331035203-6c6ca12add7d/go.mod h1:511ERLpGe3ZTfV2z/NAtUSR5NqKF26h9z5lU/zYV4YQ=
